{
  "name": "mediflow",
  "version": "0.1.0",
  "lockfileVersion": 3,
  "requires": true,
  "packages": {
    "": {
      "name": "mediflow",
      "version": "0.1.0",
      "dependencies": {
        "@kinde/expo": "^0.6.1",
        "expo-secure-store": "~13.0.2",
        "react-native-get-random-values": "~1.11.0"
      },
      "devDependencies": {
        "typescript": "^5.6.3"
      },
      "engines": {
        "node": ">=20"
      }
    },
    "app": {
      "name": "@mediflow/app",
      "version": "0.1.0",
      "extraneous": true,
      "dependencies": {
        "@expo-google-fonts/manrope": "^0.2.3",
        "@expo/vector-icons": "^14.0.2",
        "@mediflow/shared": "workspace:*",
        "@react-navigation/native": "^6.1.18",
        "expo": "~51.0.28",
        "expo-blur": "~13.0.2",
        "expo-constants": "~16.0.2",
        "expo-font": "~12.0.9",
        "expo-linking": "~6.3.1",
        "expo-router": "~3.5.23",
        "expo-splash-screen": "~0.27.5",
        "expo-status-bar": "~1.12.1",
        "expo-web-browser": "~13.0.3",
        "nativewind": "^4.1.23",
        "react": "18.2.0",
        "react-native": "0.74.5",
        "react-native-safe-area-context": "4.10.5",
        "react-native-screens": "3.31.1",
        "react-native-svg": "15.2.0",
        "react-native-web": "~0.19.10",
        "tailwindcss": "^3.4.10",
        "zustand": "^4.5.4"
      },
      "devDependencies": {
        "@babel/core": "^7.20.0",
        "@types/react": "~18.2.45",
        "typescript": "~5.3.3"
      }
    },
    "node_modules/@kinde/expo": {
      "version": "0.6.1",
      "resolved": "https://registry.npmjs.org/@kinde/expo/-/expo-0.6.1.tgz",
      "integrity": "sha512-zmqxd3OG+CGNrIbyNDV0X0CcYL6mci6hpa+0CK1FpJqGO713/s8sMDZjepDfL2y1x2RE5i5UsoRpJ8AKgK7d4Q==",
      "dependencies": {
        "@kinde/js-utils": "0.30.2",
        "@kinde/jwt-decoder": "^0.2.0",
        "@kinde/jwt-validator": "^0.4.0",
        "@vitejs/plugin-react": "^6.0.1",
        "base-64": "^1.0.0",
        "dotenv": "^17.0.0",
        "expo-auth-session": "^55.0.0",
        "expo-crypto": "^55.0.0",
        "expo-linking": "^55.0.0",
        "expo-secure-store": "^55.0.0",
        "expo-web-browser": "^55.0.0"
      },
      "engines": {
        "node": "^20.19.0 || >=22.12.0"
      },
      "peerDependencies": {
        "expo": "*",
        "react-native": "*"
      }
    },
    "node_modules/@kinde/expo/node_modules/@expo/env": {
      "version": "2.1.2",
      "resolved": "https://registry.npmjs.org/@expo/env/-/env-2.1.2.tgz",
      "integrity": "sha512-RJtGFfj/ygO/6zcVbV3cckHf4THcEkv5IZft1GjCB3dfT6axvzvIwXE9EiQqQYmGHcQ+ZrvC8xZcIhiHba0pYg==",
      "license": "MIT",
      "dependencies": {
        "chalk": "^4.0.0",
        "debug": "^4.3.4",
        "getenv": "^2.0.0"
      },
      "engines": {
        "node": ">=20.12.0"
      }
    },
    "node_modules/@kinde/expo/node_modules/dotenv": {
      "version": "17.4.2",
      "resolved": "https://registry.npmjs.org/dotenv/-/dotenv-17.4.2.tgz",
      "integrity": "sha512-nI4U3TottKAcAD9LLud4Cb7b2QztQMUEfHbvhTH09bqXTxnSie8WnjPALV/WMCrJZ6UV/qHJ6L03OqO3LcdYZw==",
      "license": "BSD-2-Clause",
      "engines": {
        "node": ">=12"
      },
      "funding": {
        "url": "https://dotenvx.com"
      }
    },
    "node_modules/@kinde/expo/node_modules/expo-constants": {
      "version": "55.0.16",
      "resolved": "https://registry.npmjs.org/expo-constants/-/expo-constants-55.0.16.tgz",
      "integrity": "sha512-Z15/No94UHoogD+pulxjudGAeOHTEIWZgb/vnX48Wx5D+apWTeCbnKxQZZtGQlosvduYL5kaic2/W8U+NHfBQQ==",
      "license": "MIT",
      "dependencies": {
        "@expo/env": "~2.1.2"
      },
      "peerDependencies": {
        "expo": "*",
        "react-native": "*"
      }
    },
    "node_modules/@kinde/expo/node_modules/expo-linking": {
      "version": "55.0.15",
      "resolved": "https://registry.npmjs.org/expo-linking/-/expo-linking-55.0.15.tgz",
      "integrity": "sha512-/RQh2vkNqV8Bim9Owm/evVqn2fqTvCDYHkpYPoSKbLAdydSGdHC2xZNw7Odl4wu1i1/3L4Xz//LKd3NsPWYWBQ==",
      "license": "MIT",
      "dependencies": {
        "expo-constants": "~55.0.16",
        "invariant": "^2.2.4"
      },
      "peerDependencies": {
        "react": "*",
        "react-native": "*"
      }
    },
    "node_modules/@kinde/expo/node_modules/expo-secure-store": {
      "version": "55.0.14",
      "resolved": "https://registry.npmjs.org/expo-secure-store/-/expo-secure-store-55.0.14.tgz",
      "integrity": "sha512-OKp9pDiTa4kgChop8+pTRJGBPhkJUcAxP5c6JbivNr4bmx3I+gKmAj1ov4KOXkY95TpWdHO+GQ4+0BgSY2P3JQ==",
      "license": "MIT",
      "peerDependencies": {
        "expo": "*"
      }
    },
    "node_modules/@kinde/expo/node_modules/expo-web-browser": {
      "version": "55.0.16",
      "resolved": "https://registry.npmjs.org/expo-web-browser/-/expo-web-browser-55.0.16.tgz",
      "integrity": "sha512-eeGs3439ewO/Q56Pzg3qbAVZSE0oH/R7XW9VCXI59k0m78ZIYbBtPT4PMFL/+sBgRkXm546Lq/DFcJQPTOfXJg==",
      "license": "MIT",
      "peerDependencies": {
        "expo": "*",
        "react-native": "*"
      }
    },
    "node_modules/@kinde/expo/node_modules/getenv": {
      "version": "2.0.0",
      "resolved": "https://registry.npmjs.org/getenv/-/getenv-2.0.0.tgz",
      "integrity": "sha512-VilgtJj/ALgGY77fiLam5iD336eSWi96Q15JSAG1zi8NRBysm3LXKdGnHb4m5cuyxvOLQQKWpBZAT6ni4FI2iQ==",
      "license": "MIT",
      "engines": {
        "node": ">=6"
      }
    },
    "node_modules/@kinde/js-utils": {
      "version": "0.30.2",
      "resolved": "https://registry.npmjs.org/@kinde/js-utils/-/js-utils-0.30.2.tgz",
      "integrity": "sha512-mfP9YSE1w1srvTCZLVZjvzQE0cQzHwpn+p3rz+J8eCY6Ry7OAFekw/6xIiERO9h3oLrNToyyd9VggayVHNIJ/A==",
      "license": "MIT",
      "dependencies": {
        "@kinde/jwt-decoder": "^0.2.0"
      },
      "peerDependencies": {
        "expo-secure-store": ">=11.0.0"
      },
      "peerDependenciesMeta": {
        "expo-secure-store": {
          "optional": true
        }
      }
    },
    "node_modules/@kinde/jwt-decoder": {
      "version": "0.2.3",
      "resolved": "https://registry.npmjs.org/@kinde/jwt-decoder/-/jwt-decoder-0.2.3.tgz",
      "integrity": "sha512-lKl8FcIQffPFCRKTJlOitcpF6RW2yhBS40Mk6TyaC8UVBmNBpRizhpGjLOZo9GnEX8LopzBPgTrV/gKVx/na7w=="
    },
    "node_modules/@kinde/jwt-validator": {
      "version": "0.4.3",
      "resolved": "https://registry.npmjs.org/@kinde/jwt-validator/-/jwt-validator-0.4.3.tgz",
      "integrity": "sha512-bszufsi1e1TzMUYJb4AKj3B4iod5z3oHioTgdo0Qm9TApGwmSTnG72nVeq4tF5Qp8pfGRea2O/cRuoburqMyiw==",
      "dependencies": {
        "@kinde/jwt-decoder": "^0.2.0",
        "jsrsasign": "^11.1.0"
      }
    },
    "node_modules/@rolldown/pluginutils": {
      "version": "1.0.1",
      "resolved": "https://registry.npmjs.org/@rolldown/pluginutils/-/pluginutils-1.0.1.tgz",
      "integrity": "sha512-2j9bGt5Jh8hj+vPtgzPtl72j0yRxHAyumoo6TNfAjsLB04UtpSvPbPcDcBMxz7n+9CYB0c1GxQFxYRg2jimqGw==",
      "license": "MIT"
    },
    "node_modules/@vitejs/plugin-react": {
      "version": "6.0.2",
      "resolved": "https://registry.npmjs.org/@vitejs/plugin-react/-/plugin-react-6.0.2.tgz",
      "integrity": "sha512-DlSMqo4WhThw4vB8Mpn0Woe9J+Jfq1geJ61AKW0QEgLzGMNwtIMdxbDUzLxcun8W7NbJO0e2Jg/Nxm3cCSVzzg==",
      "license": "MIT",
      "dependencies": {
        "@rolldown/pluginutils": "^1.0.0"
      },
      "engines": {
        "node": "^20.19.0 || >=22.12.0"
      },
      "peerDependencies": {
        "@rolldown/plugin-babel": "^0.1.7 || ^0.2.0",
        "babel-plugin-react-compiler": "^1.0.0",
        "vite": "^8.0.0"
      },
      "peerDependenciesMeta": {
        "@rolldown/plugin-babel": {
          "optional": true
        },
        "babel-plugin-react-compiler": {
          "optional": true
        }
      }
    },
    "node_modules/ansi-styles": {
      "version": "4.3.0",
      "resolved": "https://registry.npmjs.org/ansi-styles/-/ansi-styles-4.3.0.tgz",
      "integrity": "sha512-zbB9rCJAT1rbjiVDb2hqKFHNYLxgtk8NURxZ3IZwD3F6NtxbXZQCnnSi1Lkx+IDohdPlFp222wVALIheZJQSEg==",
      "license": "MIT",
      "dependencies": {
        "color-convert": "^2.0.1"
      },
      "engines": {
        "node": ">=8"
      },
      "funding": {
        "url": "https://github.com/chalk/ansi-styles?sponsor=1"
      }
    },
    "node_modules/base-64": {
      "version": "1.0.0",
      "resolved": "https://registry.npmjs.org/base-64/-/base-64-1.0.0.tgz",
      "integrity": "sha512-kwDPIFCGx0NZHog36dj+tHiwP4QMzsZ3AgMViUBKI0+V5n4U0ufTCUMhnQ04diaRI8EX/QcPfql7zlhZ7j4zgg==",
      "license": "MIT"
    },
    "node_modules/chalk": {
      "version": "4.1.2",
      "resolved": "https://registry.npmjs.org/chalk/-/chalk-4.1.2.tgz",
      "integrity": "sha512-oKnbhFyRIXpUuez8iBMmyEa4nbj4IOQyuhc/wy9kY7/WVPcwIO9VA668Pu8RkO7+0G76SLROeyw9CpQ061i4mA==",
      "license": "MIT",
      "dependencies": {
        "ansi-styles": "^4.1.0",
        "supports-color": "^7.1.0"
      },
      "engines": {
        "node": ">=10"
      },
      "funding": {
        "url": "https://github.com/chalk/chalk?sponsor=1"
      }
    },
    "node_modules/color-convert": {
      "version": "2.0.1",
      "resolved": "https://registry.npmjs.org/color-convert/-/color-convert-2.0.1.tgz",
      "integrity": "sha512-RRECPsj7iu/xb5oKYcsFHSppFNnsj/52OVTRKb4zP5onXwVF3zVmmToNcOfGC+CRDpfK/U584fMg38ZHCaElKQ==",
      "license": "MIT",
      "dependencies": {
        "color-name": "~1.1.4"
      },
      "engines": {
        "node": ">=7.0.0"
      }
    },
    "node_modules/color-name": {
      "version": "1.1.4",
      "resolved": "https://registry.npmjs.org/color-name/-/color-name-1.1.4.tgz",
      "integrity": "sha512-dOy+3AuW3a2wNbZHIuMZpTcgjGuLU/uBL/ubcZF9OXbDo8ff4O8yVp5Bf0efS8uEoYo5q4Fx7dY9OgQGXgAsQA==",
      "license": "MIT"
    },
    "node_modules/debug": {
      "version": "4.4.3",
      "resolved": "https://registry.npmjs.org/debug/-/debug-4.4.3.tgz",
      "integrity": "sha512-RGwwWnwQvkVfavKVt22FGLw+xYSdzARwm0ru6DhTVA3umU5hZc28V3kO4stgYryrTlLpuvgI9GiijltAjNbcqA==",
      "license": "MIT",
      "dependencies": {
        "ms": "^2.1.3"
      },
      "engines": {
        "node": ">=6.0"
      },
      "peerDependenciesMeta": {
        "supports-color": {
          "optional": true
        }
      }
    },
    "node_modules/expo-application": {
      "version": "55.0.15",
      "resolved": "https://registry.npmjs.org/expo-application/-/expo-application-55.0.15.tgz",
      "integrity": "sha512-eWf5OGrat1r/TYr0daL684C6pJYiN2k30NmcISsD9fbtZLfA6Sbo/JebfYzP3OjO/T/i8j/9Pf3ePqUYPLfZnw==",
      "license": "MIT",
      "peerDependencies": {
        "expo": "*"
      }
    },
    "node_modules/expo-auth-session": {
      "version": "55.0.16",
      "resolved": "https://registry.npmjs.org/expo-auth-session/-/expo-auth-session-55.0.16.tgz",
      "integrity": "sha512-PwdLf4rZVCuVf4HnW3B83gSsjQ4Q4ZsEc5mhBJYLUFPIvq3DqxtrSLjol/n8/P7dX6FbeDDoKqZQwM+sDh9hKg==",
      "license": "MIT",
      "dependencies": {
        "expo-application": "~55.0.15",
        "expo-constants": "~55.0.16",
        "expo-crypto": "~55.0.15",
        "expo-linking": "~55.0.15",
        "expo-web-browser": "~55.0.16",
        "invariant": "^2.2.4"
      },
      "peerDependencies": {
        "react": "*",
        "react-native": "*"
      }
    },
    "node_modules/expo-auth-session/node_modules/@expo/env": {
      "version": "2.1.2",
      "resolved": "https://registry.npmjs.org/@expo/env/-/env-2.1.2.tgz",
      "integrity": "sha512-RJtGFfj/ygO/6zcVbV3cckHf4THcEkv5IZft1GjCB3dfT6axvzvIwXE9EiQqQYmGHcQ+ZrvC8xZcIhiHba0pYg==",
      "license": "MIT",
      "dependencies": {
        "chalk": "^4.0.0",
        "debug": "^4.3.4",
        "getenv": "^2.0.0"
      },
      "engines": {
        "node": ">=20.12.0"
      }
    },
    "node_modules/expo-auth-session/node_modules/expo-constants": {
      "version": "55.0.16",
      "resolved": "https://registry.npmjs.org/expo-constants/-/expo-constants-55.0.16.tgz",
      "integrity": "sha512-Z15/No94UHoogD+pulxjudGAeOHTEIWZgb/vnX48Wx5D+apWTeCbnKxQZZtGQlosvduYL5kaic2/W8U+NHfBQQ==",
      "license": "MIT",
      "dependencies": {
        "@expo/env": "~2.1.2"
      },
      "peerDependencies": {
        "expo": "*",
        "react-native": "*"
      }
    },
    "node_modules/expo-auth-session/node_modules/expo-linking": {
      "version": "55.0.15",
      "resolved": "https://registry.npmjs.org/expo-linking/-/expo-linking-55.0.15.tgz",
      "integrity": "sha512-/RQh2vkNqV8Bim9Owm/evVqn2fqTvCDYHkpYPoSKbLAdydSGdHC2xZNw7Odl4wu1i1/3L4Xz//LKd3NsPWYWBQ==",
      "license": "MIT",
      "dependencies": {
        "expo-constants": "~55.0.16",
        "invariant": "^2.2.4"
      },
      "peerDependencies": {
        "react": "*",
        "react-native": "*"
      }
    },
    "node_modules/expo-auth-session/node_modules/expo-web-browser": {
      "version": "55.0.16",
      "resolved": "https://registry.npmjs.org/expo-web-browser/-/expo-web-browser-55.0.16.tgz",
      "integrity": "sha512-eeGs3439ewO/Q56Pzg3qbAVZSE0oH/R7XW9VCXI59k0m78ZIYbBtPT4PMFL/+sBgRkXm546Lq/DFcJQPTOfXJg==",
      "license": "MIT",
      "peerDependencies": {
        "expo": "*",
        "react-native": "*"
      }
    },
    "node_modules/expo-auth-session/node_modules/getenv": {
      "version": "2.0.0",
      "resolved": "https://registry.npmjs.org/getenv/-/getenv-2.0.0.tgz",
      "integrity": "sha512-VilgtJj/ALgGY77fiLam5iD336eSWi96Q15JSAG1zi8NRBysm3LXKdGnHb4m5cuyxvOLQQKWpBZAT6ni4FI2iQ==",
      "license": "MIT",
      "engines": {
        "node": ">=6"
      }
    },
    "node_modules/expo-crypto": {
      "version": "55.0.15",
      "resolved": "https://registry.npmjs.org/expo-crypto/-/expo-crypto-55.0.15.tgz",
      "integrity": "sha512-nlxLguQyJM4MhDDERL30WZkq68/BujOcAp4QdGk+1pZmUmG1p2M8cF7GeFwYvWwjH0DVsIRtRh4ukeTvOZVTPg==",
      "license": "MIT",
      "peerDependencies": {
        "expo": "*"
      }
    },
    "node_modules/expo-secure-store": {
      "version": "13.0.2",
      "resolved": "https://registry.npmjs.org/expo-secure-store/-/expo-secure-store-13.0.2.tgz",
      "integrity": "sha512-3QYgoneo8p8yeeBPBiAfokNNc2xq6+n8+Ob4fAlErEcf4H7Y72LH+K/dx0nQyWau2ZKZUXBxyyfuHFyVKrEVLg==",
      "license": "MIT",
      "peerDependencies": {
        "expo": "*"
      }
    },
    "node_modules/fast-base64-decode": {
      "version": "1.0.0",
      "resolved": "https://registry.npmjs.org/fast-base64-decode/-/fast-base64-decode-1.0.0.tgz",
      "integrity": "sha512-qwaScUgUGBYeDNRnbc/KyllVU88Jk1pRHPStuF/lO7B0/RTRLj7U0lkdTAutlBblY08rwZDff6tNU9cjv6j//Q==",
      "license": "MIT"
    },
    "node_modules/has-flag": {
      "version": "4.0.0",
      "resolved": "https://registry.npmjs.org/has-flag/-/has-flag-4.0.0.tgz",
      "integrity": "sha512-EykJT/Q1KjTWctppgIAgfSO0tKVuZUjhgMr17kqTumMl6Afv3EISleU7qZUzoXDFTAHTDC4NOoG/ZxU3EvlMPQ==",
      "license": "MIT",
      "engines": {
        "node": ">=8"
      }
    },
    "node_modules/invariant": {
      "version": "2.2.4",
      "resolved": "https://registry.npmjs.org/invariant/-/invariant-2.2.4.tgz",
      "integrity": "sha512-phJfQVBuaJM5raOpJjSfkiD6BpbCE4Ns//LaXl6wGYtUBY83nWS6Rf9tXm2e8VaK60JEjYldbPif/A2B1C2gNA==",
      "license": "MIT",
      "dependencies": {
        "loose-envify": "^1.0.0"
      }
    },
    "node_modules/js-tokens": {
      "version": "4.0.0",
      "resolved": "https://registry.npmjs.org/js-tokens/-/js-tokens-4.0.0.tgz",
      "integrity": "sha512-RdJUflcE3cUzKiMqQgsCu06FPu9UdIJO0beYbPhHN4k6apgJtifcoCtT9bcxOpYBtpD2kCM6Sbzg4CausW/PKQ==",
      "license": "MIT"
    },
    "node_modules/jsrsasign": {
      "version": "11.1.3",
      "resolved": "https://registry.npmjs.org/jsrsasign/-/jsrsasign-11.1.3.tgz",
      "integrity": "sha512-nPnK5D/4lv0Dwr7TlzrKtAd8JlLZwFTqTUUB3NQCbtdobcRcohGFxjbPySDVh74iWUudcCsapYT6OxoyhJLhhA==",
      "license": "MIT"
    },
    "node_modules/loose-envify": {
      "version": "1.4.0",
      "resolved": "https://registry.npmjs.org/loose-envify/-/loose-envify-1.4.0.tgz",
      "integrity": "sha512-lyuxPGr/Wfhrlem2CL/UcnUc1zcqKAImBDzukY7Y5F/yQiNdko6+fRLevlw1HgMySw7f611UIY408EtxRSoK3Q==",
      "license": "MIT",
      "dependencies": {
        "js-tokens": "^3.0.0 || ^4.0.0"
      },
      "bin": {
        "loose-envify": "cli.js"
      }
    },
    "node_modules/ms": {
      "version": "2.1.3",
      "resolved": "https://registry.npmjs.org/ms/-/ms-2.1.3.tgz",
      "integrity": "sha512-6FlzubTLZG3J2a/NVCAleEhjzq5oxgHyaCU9yYXvcLsvoVaHJq/s5xXI6/XXP6tz7R9xAOtHnSO/tXtF3WRTlA==",
      "license": "MIT"
    },
    "node_modules/react-native-get-random-values": {
      "version": "1.11.0",
      "resolved": "https://registry.npmjs.org/react-native-get-random-values/-/react-native-get-random-values-1.11.0.tgz",
      "integrity": "sha512-4BTbDbRmS7iPdhYLRcz3PGFIpFJBwNZg9g42iwa2P6FOv9vZj/xJc678RZXnLNZzd0qd7Q3CCF6Yd+CU2eoXKQ==",
      "license": "MIT",
      "dependencies": {
        "fast-base64-decode": "^1.0.0"
      },
      "peerDependencies": {
        "react-native": ">=0.56"
      }
    },
    "node_modules/supports-color": {
      "version": "7.2.0",
      "resolved": "https://registry.npmjs.org/supports-color/-/supports-color-7.2.0.tgz",
      "integrity": "sha512-qpCAvRl9stuOHveKsn7HncJRvv501qIacKzQlO/+Lwxc9+0q2wLyv4Dfvt80/DPn2pqOBsJdDiogXGR9+OvwRw==",
      "license": "MIT",
      "dependencies": {
        "has-flag": "^4.0.0"
      },
      "engines": {
        "node": ">=8"
      }
    },
    "node_modules/typescript": {
      "version": "5.6.3",
      "resolved": "https://registry.npmjs.org/typescript/-/typescript-5.6.3.tgz",
      "integrity": "sha512-hjcS1mhfuyi4WW8IWtjP7brDrG2cuDZukyrYrSauoXGNgx0S7zceP07adYkJycEr56BOUTNPzbInooiN3fn1qw==",
      "dev": true,
      "license": "Apache-2.0",
      "bin": {
        "tsc": "bin/tsc",
        "tsserver": "bin/tsserver"
      },
      "engines": {
        "node": ">=14.17"
      }
    },
    "shared": {
      "name": "@mediflow/shared",
      "version": "0.1.0",
      "extraneous": true,
      "devDependencies": {
        "typescript": "^5.6.3"
      }
    }
  }
}
